// !$*UTF8*$!
{
	archiveVersion = 1;
	classes = {
	};
	objectVersion = 46;
	objects = {

/* Begin PBXBuildFile section */
		88039BFF1DC2F26A000130E4 /* 1place.png in Resources */ = {isa = PBXBuildFile; fileRef = 88039BFC1DC2F26A000130E4 /* 1place.png */; };
		88039C001DC2F26A000130E4 /* 2place.png in Resources */ = {isa = PBXBuildFile; fileRef = 88039BFD1DC2F26A000130E4 /* 2place.png */; };
		88039C011DC2F26A000130E4 /* 3place.png in Resources */ = {isa = PBXBuildFile; fileRef = 88039BFE1DC2F26A000130E4 /* 3place.png */; };
		880A11D51D8F8F4B00D644A2 /* MBEDBInspector.swift in Sources */ = {isa = PBXBuildFile; fileRef = 880A11D41D8F8F4B00D644A2 /* MBEDBInspector.swift */; };
		88296D661D7925E700CE8041 /* AppDelegate.swift in Sources */ = {isa = PBXBuildFile; fileRef = 88296D651D7925E700CE8041 /* AppDelegate.swift */; };
		88296D681D7925E700CE8041 /* MBEViewController.swift in Sources */ = {isa = PBXBuildFile; fileRef = 88296D671D7925E700CE8041 /* MBEViewController.swift */; };
		88296D6B1D7925E700CE8041 /* Main.storyboard in Resources */ = {isa = PBXBuildFile; fileRef = 88296D691D7925E700CE8041 /* Main.storyboard */; };
		88296D6E1D7925E700CE8041 /* My_best_effort.xcdatamodeld in Sources */ = {isa = PBXBuildFile; fileRef = 88296D6C1D7925E700CE8041 /* My_best_effort.xcdatamodeld */; };
		88296D701D7925E700CE8041 /* Assets.xcassets in Resources */ = {isa = PBXBuildFile; fileRef = 88296D6F1D7925E700CE8041 /* Assets.xcassets */; };
		88296D731D7925E700CE8041 /* LaunchScreen.storyboard in Resources */ = {isa = PBXBuildFile; fileRef = 88296D711D7925E700CE8041 /* LaunchScreen.storyboard */; };
		8840CE781D93875400922DDC /* Efforts+CoreDataProperties.swift in Sources */ = {isa = PBXBuildFile; fileRef = 8840CE741D93875400922DDC /* Efforts+CoreDataProperties.swift */; };
		8840CE791D93875400922DDC /* Efforts.swift in Sources */ = {isa = PBXBuildFile; fileRef = 8840CE751D93875400922DDC /* Efforts.swift */; };
		8840CE7A1D93875400922DDC /* Activities+CoreDataProperties.swift in Sources */ = {isa = PBXBuildFile; fileRef = 8840CE761D93875400922DDC /* Activities+CoreDataProperties.swift */; };
		8840CE7B1D93875400922DDC /* Activities.swift in Sources */ = {isa = PBXBuildFile; fileRef = 8840CE771D93875400922DDC /* Activities.swift */; };
		8844E36D1D906D8F00B60587 /* MBEStartViewController.swift in Sources */ = {isa = PBXBuildFile; fileRef = 8844E36C1D906D8F00B60587 /* MBEStartViewController.swift */; };
		884BCB381DC1B82E009CC36D /* plan.png in Resources */ = {isa = PBXBuildFile; fileRef = 884BCB371DC1B82E009CC36D /* plan.png */; };
		8850A6A51D9D8E8C00C15C3A /* MBETableViewCell.swift in Sources */ = {isa = PBXBuildFile; fileRef = 8850A6A41D9D8E8C00C15C3A /* MBETableViewCell.swift */; };
		8851B33C1D82732A0069A886 /* FRDStravaClient.framework in Frameworks */ = {isa = PBXBuildFile; fileRef = 8851B33B1D82732A0069A886 /* FRDStravaClient.framework */; };
		88585B501DAA1FF3002227EE /* map2.png in Resources */ = {isa = PBXBuildFile; fileRef = 88585B4F1DAA1FF3002227EE /* map2.png */; };
		88650D2A1DA2C42600B7C9C2 /* point3.png in Resources */ = {isa = PBXBuildFile; fileRef = 88650D291DA2C42600B7C9C2 /* point3.png */; };
		88F843E61D9A25A40054E7AF /* NoteEffort.swift in Sources */ = {isa = PBXBuildFile; fileRef = 88F843E51D9A25A40054E7AF /* NoteEffort.swift */; };
		B9B37A4E5670479E4085288B /* Pods_My_best_effort.framework in Frameworks */ = {isa = PBXBuildFile; fileRef = 3CDA52ECEC43DDE356A29A9A /* Pods_My_best_effort.framework */; };
/* End PBXBuildFile section */

/* Begin PBXFileReference section */
		3CDA52ECEC43DDE356A29A9A /* Pods_My_best_effort.framework */ = {isa = PBXFileReference; explicitFileType = wrapper.framework; includeInIndex = 0; path = Pods_My_best_effort.framework; sourceTree = BUILT_PRODUCTS_DIR; };
		7FC56D1221E63D433AF531AF /* Pods-My best effort.release.xcconfig */ = {isa = PBXFileReference; includeInIndex = 1; lastKnownFileType = text.xcconfig; name = "Pods-My best effort.release.xcconfig"; path = "Pods/Target Support Files/Pods-My best effort/Pods-My best effort.release.xcconfig"; sourceTree = "<group>"; };
		88039BFC1DC2F26A000130E4 /* 1place.png */ = {isa = PBXFileReference; lastKnownFileType = image.png; name = 1place.png; path = "../../../Yandex.Disk.localized/Документы/pict/best-effort/reInit/1place.png"; sourceTree = "<group>"; };
		88039BFD1DC2F26A000130E4 /* 2place.png */ = {isa = PBXFileReference; lastKnownFileType = image.png; name = 2place.png; path = "../../../Yandex.Disk.localized/Документы/pict/best-effort/reInit/2place.png"; sourceTree = "<group>"; };
		88039BFE1DC2F26A000130E4 /* 3place.png */ = {isa = PBXFileReference; lastKnownFileType = image.png; name = 3place.png; path = "../../../Yandex.Disk.localized/Документы/pict/best-effort/reInit/3place.png"; sourceTree = "<group>"; };
		880A11D41D8F8F4B00D644A2 /* MBEDBInspector.swift */ = {isa = PBXFileReference; fileEncoding = 4; lastKnownFileType = sourcecode.swift; path = MBEDBInspector.swift; sourceTree = "<group>"; };
		881113CD1DBD25E000F6BD80 /* My best effort-Bridging-Header.h */ = {isa = PBXFileReference; fileEncoding = 4; lastKnownFileType = sourcecode.c.h; path = "My best effort-Bridging-Header.h"; sourceTree = "<group>"; };
		88296D621D7925E700CE8041 /* My best effort.app */ = {isa = PBXFileReference; explicitFileType = wrapper.application; includeInIndex = 0; path = "My best effort.app"; sourceTree = BUILT_PRODUCTS_DIR; };
		88296D651D7925E700CE8041 /* AppDelegate.swift */ = {isa = PBXFileReference; lastKnownFileType = sourcecode.swift; path = AppDelegate.swift; sourceTree = "<group>"; };
		88296D671D7925E700CE8041 /* MBEViewController.swift */ = {isa = PBXFileReference; lastKnownFileType = sourcecode.swift; path = MBEViewController.swift; sourceTree = "<group>"; };
		88296D6A1D7925E700CE8041 /* Base */ = {isa = PBXFileReference; lastKnownFileType = file.storyboard; name = Base; path = Base.lproj/Main.storyboard; sourceTree = "<group>"; };
		88296D6D1D7925E700CE8041 /* My_best_effort.xcdatamodel */ = {isa = PBXFileReference; lastKnownFileType = wrapper.xcdatamodel; path = My_best_effort.xcdatamodel; sourceTree = "<group>"; };
		88296D6F1D7925E700CE8041 /* Assets.xcassets */ = {isa = PBXFileReference; lastKnownFileType = folder.assetcatalog; path = Assets.xcassets; sourceTree = "<group>"; };
		88296D721D7925E700CE8041 /* Base */ = {isa = PBXFileReference; lastKnownFileType = file.storyboard; name = Base; path = Base.lproj/LaunchScreen.storyboard; sourceTree = "<group>"; };
		88296D741D7925E700CE8041 /* Info.plist */ = {isa = PBXFileReference; lastKnownFileType = text.plist.xml; path = Info.plist; sourceTree = "<group>"; };
		8840CE741D93875400922DDC /* Efforts+CoreDataProperties.swift */ = {isa = PBXFileReference; fileEncoding = 4; lastKnownFileType = sourcecode.swift; path = "Efforts+CoreDataProperties.swift"; sourceTree = "<group>"; };
		8840CE751D93875400922DDC /* Efforts.swift */ = {isa = PBXFileReference; fileEncoding = 4; lastKnownFileType = sourcecode.swift; path = Efforts.swift; sourceTree = "<group>"; };
		8840CE761D93875400922DDC /* Activities+CoreDataProperties.swift */ = {isa = PBXFileReference; fileEncoding = 4; lastKnownFileType = sourcecode.swift; path = "Activities+CoreDataProperties.swift"; sourceTree = "<group>"; };
		8840CE771D93875400922DDC /* Activities.swift */ = {isa = PBXFileReference; fileEncoding = 4; lastKnownFileType = sourcecode.swift; path = Activities.swift; sourceTree = "<group>"; };
		8844E36C1D906D8F00B60587 /* MBEStartViewController.swift */ = {isa = PBXFileReference; fileEncoding = 4; lastKnownFileType = sourcecode.swift; path = MBEStartViewController.swift; sourceTree = "<group>"; };
		884BCB371DC1B82E009CC36D /* plan.png */ = {isa = PBXFileReference; lastKnownFileType = image.png; name = plan.png; path = "../../../Yandex.Disk.localized/Документы/pict/best-effort/plan.png"; sourceTree = "<group>"; };
		8850A6A41D9D8E8C00C15C3A /* MBETableViewCell.swift */ = {isa = PBXFileReference; fileEncoding = 4; lastKnownFileType = sourcecode.swift; path = MBETableViewCell.swift; sourceTree = "<group>"; };
		8851B33B1D82732A0069A886 /* FRDStravaClient.framework */ = {isa = PBXFileReference; lastKnownFileType = wrapper.framework; name = FRDStravaClient.framework; path = "../../Library/Developer/Xcode/DerivedData/My_best_effort-chvyvqkisogwgwcxixkgfnmfmaof/Build/Products/Debug-iphonesimulator/FRDStravaClient.framework"; sourceTree = "<group>"; };
		88585B4F1DAA1FF3002227EE /* map2.png */ = {isa = PBXFileReference; lastKnownFileType = image.png; name = map2.png; path = "../../../Yandex.Disk.localized/Документы/pict/best-effort/map2.png"; sourceTree = "<group>"; };
		88650D291DA2C42600B7C9C2 /* point3.png */ = {isa = PBXFileReference; lastKnownFileType = image.png; name = point3.png; path = "../../../Yandex.Disk.localized/Документы/pict/best-effort/point3.png"; sourceTree = "<group>"; };
		88F843E51D9A25A40054E7AF /* NoteEffort.swift */ = {isa = PBXFileReference; fileEncoding = 4; lastKnownFileType = sourcecode.swift; path = NoteEffort.swift; sourceTree = "<group>"; };
		F695E0443840F294FA2CA1E2 /* Pods-My best effort.debug.xcconfig */ = {isa = PBXFileReference; includeInIndex = 1; lastKnownFileType = text.xcconfig; name = "Pods-My best effort.debug.xcconfig"; path = "Pods/Target Support Files/Pods-My best effort/Pods-My best effort.debug.xcconfig"; sourceTree = "<group>"; };
/* End PBXFileReference section */

/* Begin PBXFrameworksBuildPhase section */
		88296D5F1D7925E700CE8041 /* Frameworks */ = {
			isa = PBXFrameworksBuildPhase;
			buildActionMask = 2147483647;
			files = (
				8851B33C1D82732A0069A886 /* FRDStravaClient.framework in Frameworks */,
				B9B37A4E5670479E4085288B /* Pods_My_best_effort.framework in Frameworks */,
			);
			runOnlyForDeploymentPostprocessing = 0;
		};
/* End PBXFrameworksBuildPhase section */

/* Begin PBXGroup section */
		5E2204089B6B047B1E2EBF9E /* Pods */ = {
			isa = PBXGroup;
			children = (
				F695E0443840F294FA2CA1E2 /* Pods-My best effort.debug.xcconfig */,
				7FC56D1221E63D433AF531AF /* Pods-My best effort.release.xcconfig */,
			);
			name = Pods;
			sourceTree = "<group>";
		};
		88296D591D7925E700CE8041 = {
			isa = PBXGroup;
			children = (
				88296D641D7925E700CE8041 /* My best effort */,
				88296D631D7925E700CE8041 /* Products */,
				5E2204089B6B047B1E2EBF9E /* Pods */,
				F1F26988C1750CECBAF91D12 /* Frameworks */,
			);
			sourceTree = "<group>";
		};
		88296D631D7925E700CE8041 /* Products */ = {
			isa = PBXGroup;
			children = (
				88296D621D7925E700CE8041 /* My best effort.app */,
			);
			name = Products;
			sourceTree = "<group>";
		};
		88296D641D7925E700CE8041 /* My best effort */ = {
			isa = PBXGroup;
			children = (
				8850A69B1D9D6F9500C15C3A /* Image */,
				883B10D61D81F3D300F65BE2 /* View */,
				883B10D51D81F3C400F65BE2 /* Controller */,
				883B10D41D81F3B200F65BE2 /* Model */,
				88296D691D7925E700CE8041 /* Main.storyboard */,
				88296D6F1D7925E700CE8041 /* Assets.xcassets */,
				88296D711D7925E700CE8041 /* LaunchScreen.storyboard */,
				88296D741D7925E700CE8041 /* Info.plist */,
				88296D6C1D7925E700CE8041 /* My_best_effort.xcdatamodeld */,
			);
			path = "My best effort";
			sourceTree = "<group>";
		};
		883B10D41D81F3B200F65BE2 /* Model */ = {
			isa = PBXGroup;
			children = (
				88296D651D7925E700CE8041 /* AppDelegate.swift */,
				880A11D41D8F8F4B00D644A2 /* MBEDBInspector.swift */,
				8840CE741D93875400922DDC /* Efforts+CoreDataProperties.swift */,
				8840CE751D93875400922DDC /* Efforts.swift */,
				8840CE761D93875400922DDC /* Activities+CoreDataProperties.swift */,
				8840CE771D93875400922DDC /* Activities.swift */,
				88F843E51D9A25A40054E7AF /* NoteEffort.swift */,
				881113CD1DBD25E000F6BD80 /* My best effort-Bridging-Header.h */,
			);
			name = Model;
			sourceTree = "<group>";
		};
		883B10D51D81F3C400F65BE2 /* Controller */ = {
			isa = PBXGroup;
			children = (
				88296D671D7925E700CE8041 /* MBEViewController.swift */,
				8844E36C1D906D8F00B60587 /* MBEStartViewController.swift */,
			);
			name = Controller;
			sourceTree = "<group>";
		};
		883B10D61D81F3D300F65BE2 /* View */ = {
			isa = PBXGroup;
			children = (
				8850A6A41D9D8E8C00C15C3A /* MBETableViewCell.swift */,
			);
			name = View;
			sourceTree = "<group>";
		};
		8850A69B1D9D6F9500C15C3A /* Image */ = {
			isa = PBXGroup;
			children = (
				88585B4F1DAA1FF3002227EE /* map2.png */,
				88650D291DA2C42600B7C9C2 /* point3.png */,
				88039BFC1DC2F26A000130E4 /* 1place.png */,
				88039BFD1DC2F26A000130E4 /* 2place.png */,
				88039BFE1DC2F26A000130E4 /* 3place.png */,
				884BCB371DC1B82E009CC36D /* plan.png */,
			);
			name = Image;
			sourceTree = "<group>";
		};
		F1F26988C1750CECBAF91D12 /* Frameworks */ = {
			isa = PBXGroup;
			children = (
				8851B33B1D82732A0069A886 /* FRDStravaClient.framework */,
				3CDA52ECEC43DDE356A29A9A /* Pods_My_best_effort.framework */,
			);
			name = Frameworks;
			sourceTree = "<group>";
		};
/* End PBXGroup section */

/* Begin PBXNativeTarget section */
		88296D611D7925E700CE8041 /* My best effort */ = {
			isa = PBXNativeTarget;
			buildConfigurationList = 88296D771D7925E700CE8041 /* Build configuration list for PBXNativeTarget "My best effort" */;
			buildPhases = (
				F17C2C272DE103954CB3E446 /* Check Pods Manifest.lock */,
				88296D5E1D7925E700CE8041 /* Sources */,
				88296D5F1D7925E700CE8041 /* Frameworks */,
				88296D601D7925E700CE8041 /* Resources */,
				F04CFC4D8E20682C1EA60B5E /* Embed Pods Frameworks */,
				7C73B70B7D3BE144C26DD2A0 /* Copy Pods Resources */,
			);
			buildRules = (
			);
			dependencies = (
			);
			name = "My best effort";
			productName = "My best effort";
			productReference = 88296D621D7925E700CE8041 /* My best effort.app */;
			productType = "com.apple.product-type.application";
		};
/* End PBXNativeTarget section */

/* Begin PBXProject section */
		88296D5A1D7925E700CE8041 /* Project object */ = {
			isa = PBXProject;
			attributes = {
				LastSwiftUpdateCheck = 0730;
				LastUpgradeCheck = 0730;
				ORGANIZATIONNAME = vasayCo;
				TargetAttributes = {
					88296D611D7925E700CE8041 = {
						CreatedOnToolsVersion = 7.3.1;
					};
				};
			};
			buildConfigurationList = 88296D5D1D7925E700CE8041 /* Build configuration list for PBXProject "My best effort" */;
			compatibilityVersion = "Xcode 3.2";
			developmentRegion = English;
			hasScannedForEncodings = 0;
			knownRegions = (
				en,
				Base,
			);
			mainGroup = 88296D591D7925E700CE8041;
			productRefGroup = 88296D631D7925E700CE8041 /* Products */;
			projectDirPath = "";
			projectRoot = "";
			targets = (
				88296D611D7925E700CE8041 /* My best effort */,
			);
		};
/* End PBXProject section */

/* Begin PBXResourcesBuildPhase section */
		88296D601D7925E700CE8041 /* Resources */ = {
			isa = PBXResourcesBuildPhase;
			buildActionMask = 2147483647;
			files = (
				88585B501DAA1FF3002227EE /* map2.png in Resources */,
				88650D2A1DA2C42600B7C9C2 /* point3.png in Resources */,
				88039C001DC2F26A000130E4 /* 2place.png in Resources */,
				884BCB381DC1B82E009CC36D /* plan.png in Resources */,
				88296D731D7925E700CE8041 /* LaunchScreen.storyboard in Resources */,
				88296D701D7925E700CE8041 /* Assets.xcassets in Resources */,
				88039BFF1DC2F26A000130E4 /* 1place.png in Resources */,
				88039C011DC2F26A000130E4 /* 3place.png in Resources */,
				88296D6B1D7925E700CE8041 /* Main.storyboard in Resources */,
			);
			runOnlyForDeploymentPostprocessing = 0;
		};
/* End PBXResourcesBuildPhase section */

/* Begin PBXShellScriptBuildPhase section */
		7C73B70B7D3BE144C26DD2A0 /* Copy Pods Resources */ = {
			isa = PBXShellScriptBuildPhase;
			buildActionMask = 2147483647;
			files = (
			);
			inputPaths = (
			);
			name = "Copy Pods Resources";
			outputPaths = (
			);
			runOnlyForDeploymentPostprocessing = 0;
			shellPath = /bin/sh;
			shellScript = "\"${SRCROOT}/Pods/Target Support Files/Pods-My best effort/Pods-My best effort-resources.sh\"\n";
			showEnvVarsInLog = 0;
		};
		F04CFC4D8E20682C1EA60B5E /* Embed Pods Frameworks */ = {
			isa = PBXShellScriptBuildPhase;
			buildActionMask = 2147483647;
			files = (
			);
			inputPaths = (
			);
			name = "Embed Pods Frameworks";
			outputPaths = (
			);
			runOnlyForDeploymentPostprocessing = 0;
			shellPath = /bin/sh;
			shellScript = "\"${SRCROOT}/Pods/Target Support Files/Pods-My best effort/Pods-My best effort-frameworks.sh\"\n";
			showEnvVarsInLog = 0;
		};
		F17C2C272DE103954CB3E446 /* Check Pods Manifest.lock */ = {
			isa = PBXShellScriptBuildPhase;
			buildActionMask = 2147483647;
			files = (
			);
			inputPaths = (
			);
			name = "Check Pods Manifest.lock";
			outputPaths = (
			);
			runOnlyForDeploymentPostprocessing = 0;
			shellPath = /bin/sh;
			shellScript = "diff \"${PODS_ROOT}/../Podfile.lock\" \"${PODS_ROOT}/Manifest.lock\" > /dev/null\nif [[ $? != 0 ]] ; then\n    cat << EOM\nerror: The sandbox is not in sync with the Podfile.lock. Run 'pod install' or update your CocoaPods installation.\nEOM\n    exit 1\nfi\n";
			showEnvVarsInLog = 0;
		};
/* End PBXShellScriptBuildPhase section */

/* Begin PBXSourcesBuildPhase section */
		88296D5E1D7925E700CE8041 /* Sources */ = {
			isa = PBXSourcesBuildPhase;
			buildActionMask = 2147483647;
			files = (
				880A11D51D8F8F4B00D644A2 /* MBEDBInspector.swift in Sources */,
				88296D681D7925E700CE8041 /* MBEViewController.swift in Sources */,
				8840CE781D93875400922DDC /* Efforts+CoreDataProperties.swift in Sources */,
				88F843E61D9A25A40054E7AF /* NoteEffort.swift in Sources */,
				8844E36D1D906D8F00B60587 /* MBEStartViewController.swift in Sources */,
				8840CE791D93875400922DDC /* Efforts.swift in Sources */,
				8840CE7B1D93875400922DDC /* Activities.swift in Sources */,
				88296D661D7925E700CE8041 /* AppDelegate.swift in Sources */,
				8850A6A51D9D8E8C00C15C3A /* MBETableViewCell.swift in Sources */,
				8840CE7A1D93875400922DDC /* Activities+CoreDataProperties.swift in Sources */,
				88296D6E1D7925E700CE8041 /* My_best_effort.xcdatamodeld in Sources */,
			);
			runOnlyForDeploymentPostprocessing = 0;
		};
/* End PBXSourcesBuildPhase section */

/* Begin PBXVariantGroup section */
		88296D691D7925E700CE8041 /* Main.storyboard */ = {
			isa = PBXVariantGroup;
			children = (
				88296D6A1D7925E700CE8041 /* Base */,
			);
			name = Main.storyboard;
			sourceTree = "<group>";
		};
		88296D711D7925E700CE8041 /* LaunchScreen.storyboard */ = {
			isa = PBXVariantGroup;
			children = (
				88296D721D7925E700CE8041 /* Base */,
			);
			name = LaunchScreen.storyboard;
			sourceTree = "<group>";
		};
/* End PBXVariantGroup section */

/* Begin XCBuildConfiguration section */
		88296D751D7925E700CE8041 /* Debug */ = {
			isa = XCBuildConfiguration;
			buildSettings = {
				ALWAYS_SEARCH_USER_PATHS = NO;
				CLANG_ANALYZER_NONNULL = YES;
				CLANG_CXX_LANGUAGE_STANDARD = "gnu++0x";
				CLANG_CXX_LIBRARY = "libc++";
				CLANG_ENABLE_MODULES = YES;
				CLANG_ENABLE_OBJC_ARC = YES;
				CLANG_WARN_BOOL_CONVERSION = YES;
				CLANG_WARN_CONSTANT_CONVERSION = YES;
				CLANG_WARN_DIRECT_OBJC_ISA_USAGE = YES_ERROR;
				CLANG_WARN_EMPTY_BODY = YES;
				CLANG_WARN_ENUM_CONVERSION = YES;
				CLANG_WARN_INT_CONVERSION = YES;
				CLANG_WARN_OBJC_ROOT_CLASS = YES_ERROR;
				CLANG_WARN_UNREACHABLE_CODE = YES;
				CLANG_WARN__DUPLICATE_METHOD_MATCH = YES;
				"CODE_SIGN_IDENTITY[sdk=iphoneos*]" = "iPhone Developer";
				COPY_PHASE_STRIP = NO;
				DEBUG_INFORMATION_FORMAT = dwarf;
				ENABLE_STRICT_OBJC_MSGSEND = YES;
				ENABLE_TESTABILITY = YES;
				GCC_C_LANGUAGE_STANDARD = gnu99;
				GCC_DYNAMIC_NO_PIC = NO;
				GCC_NO_COMMON_BLOCKS = YES;
				GCC_OPTIMIZATION_LEVEL = 0;
				GCC_PREPROCESSOR_DEFINITIONS = (
					"DEBUG=1",
					"$(inherited)",
				);
				GCC_WARN_64_TO_32_BIT_CONVERSION = YES;
				GCC_WARN_ABOUT_RETURN_TYPE = YES_ERROR;
				GCC_WARN_UNDECLARED_SELECTOR = YES;
				GCC_WARN_UNINITIALIZED_AUTOS = YES_AGGRESSIVE;
				GCC_WARN_UNUSED_FUNCTION = YES;
				GCC_WARN_UNUSED_VARIABLE = YES;
				IPHONEOS_DEPLOYMENT_TARGET = 9.3;
				MTL_ENABLE_DEBUG_INFO = YES;
				ONLY_ACTIVE_ARCH = YES;
				SDKROOT = iphoneos;
				SWIFT_OPTIMIZATION_LEVEL = "-Onone";
			};
			name = Debug;
		};
		88296D761D7925E700CE8041 /* Release */ = {
			isa = XCBuildConfiguration;
			buildSettings = {
				ALWAYS_SEARCH_USER_PATHS = NO;
				CLANG_ANALYZER_NONNULL = YES;
				CLANG_CXX_LANGUAGE_STANDARD = "gnu++0x";
				CLANG_CXX_LIBRARY = "libc++";
				CLANG_ENABLE_MODULES = YES;
				CLANG_ENABLE_OBJC_ARC = YES;
				CLANG_WARN_BOOL_CONVERSION = YES;
				CLANG_WARN_CONSTANT_CONVERSION = YES;
				CLANG_WARN_DIRECT_OBJC_ISA_USAGE = YES_ERROR;
				CLANG_WARN_EMPTY_BODY = YES;
				CLANG_WARN_ENUM_CONVERSION = YES;
				CLANG_WARN_INT_CONVERSION = YES;
				CLANG_WARN_OBJC_ROOT_CLASS = YES_ERROR;
				CLANG_WARN_UNREACHABLE_CODE = YES;
				CLANG_WARN__DUPLICATE_METHOD_MATCH = YES;
				"CODE_SIGN_IDENTITY[sdk=iphoneos*]" = "iPhone Developer";
				COPY_PHASE_STRIP = NO;
				DEBUG_INFORMATION_FORMAT = "dwarf-with-dsym";
				ENABLE_NS_ASSERTIONS = NO;
				ENABLE_STRICT_OBJC_MSGSEND = YES;
				GCC_C_LANGUAGE_STANDARD = gnu99;
				GCC_NO_COMMON_BLOCKS = YES;
				GCC_WARN_64_TO_32_BIT_CONVERSION = YES;
				GCC_WARN_ABOUT_RETURN_TYPE = YES_ERROR;
				GCC_WARN_UNDECLARED_SELECTOR = YES;
				GCC_WARN_UNINITIALIZED_AUTOS = YES_AGGRESSIVE;
				GCC_WARN_UNUSED_FUNCTION = YES;
				GCC_WARN_UNUSED_VARIABLE = YES;
				IPHONEOS_DEPLOYMENT_TARGET = 9.3;
				MTL_ENABLE_DEBUG_INFO = NO;
				SDKROOT = iphoneos;
				VALIDATE_PRODUCT = YES;
			};
			name = Release;
		};
		88296D781D7925E700CE8041 /* Debug */ = {
			isa = XCBuildConfiguration;
			baseConfigurationReference = F695E0443840F294FA2CA1E2 /* Pods-My best effort.debug.xcconfig */;
			buildSettings = {
				ASSETCATALOG_COMPILER_APPICON_NAME = AppIcon;
				CLANG_ENABLE_MODULES = YES;
				INFOPLIST_FILE = "My best effort/Info.plist";
				IPHONEOS_DEPLOYMENT_TARGET = 8.0;
				LD_RUNPATH_SEARCH_PATHS = "$(inherited) @executable_path/Frameworks";
				PRODUCT_BUNDLE_IDENTIFIER = "com.orlov.vasili.My-best-effort";
				PRODUCT_NAME = "$(TARGET_NAME)";
				SWIFT_OBJC_BRIDGING_HEADER = "My best effort/My best effort-Bridging-Header.h";
				SWIFT_OPTIMIZATION_LEVEL = "-Onone";
			};
			name = Debug;
		};
		88296D791D7925E700CE8041 /* Release */ = {
			isa = XCBuildConfiguration;
			baseConfigurationReference = 7FC56D1221E63D433AF531AF /* Pods-My best effort.release.xcconfig */;
			buildSettings = {
				ASSETCATALOG_COMPILER_APPICON_NAME = AppIcon;
				CLANG_ENABLE_MODULES = YES;
				INFOPLIST_FILE = "My best effort/Info.plist";
				IPHONEOS_DEPLOYMENT_TARGET = 8.0;
				LD_RUNPATH_SEARCH_PATHS = "$(inherited) @executable_path/Frameworks";
				PRODUCT_BUNDLE_IDENTIFIER = "com.orlov.vasili.My-best-effort";
				PRODUCT_NAME = "$(TARGET_NAME)";
				SWIFT_OBJC_BRIDGING_HEADER = "My best effort/My best effort-Bridging-Header.h";
			};
			name = Release;
		};
/* End XCBuildConfiguration section */

/* Begin XCConfigurationList section */
		88296D5D1D7925E700CE8041 /* Build configuration list for PBXProject "My best effort" */ = {
			isa = XCConfigurationList;
			buildConfigurations = (
				88296D751D7925E700CE8041 /* Debug */,
				88296D761D7925E700CE8041 /* Release */,
			);
			defaultConfigurationIsVisible = 0;
			defaultConfigurationName = Release;
		};
		88296D771D7925E700CE8041 /* Build configuration list for PBXNativeTarget "My best effort" */ = {
			isa = XCConfigurationList;
			buildConfigurations = (
				88296D781D7925E700CE8041 /* Debug */,
				88296D791D7925E700CE8041 /* Release */,
			);
			defaultConfigurationIsVisible = 0;
			defaultConfigurationName = Release;
		};
/* End XCConfigurationList section */

/* Begin XCVersionGroup section */
		88296D6C1D7925E700CE8041 /* My_best_effort.xcdatamodeld */ = {
			isa = XCVersionGroup;
			children = (
				88296D6D1D7925E700CE8041 /* My_best_effort.xcdatamodel */,
			);
			currentVersion = 88296D6D1D7925E700CE8041 /* My_best_effort.xcdatamodel */;
			path = My_best_effort.xcdatamodeld;
			sourceTree = "<group>";
			versionGroupType = wrapper.xcdatamodel;
		};
/* End XCVersionGroup section */
	};
	rootObject = 88296D5A1D7925E700CE8041 /* Project object */;
}
